
Microsoft Visual Studio Solution File, Format Version 12.00
# Visual Studio Version 18
VisualStudioVersion = 18.0.11222.15
MinimumVisualStudioVersion = 10.0.40219.1
Project("{FAE04EC0-301F-11D3-BF4B-00C04F79EFBC}") = "FinalYearProject.UI", "FinalYearProject.UI\FinalYearProject.UI.csproj", "{84DF0E83-33D0-4499-A840-6522DD39F189}"
EndProject
Project("{FAE04EC0-301F-11D3-BF4B-00C04F79EFBC}") = "FinalYearProject.Shared", "FinalYearProject.Shared\FinalYearProject.Shared.csproj", "{909DDDA8-42D9-4A19-BD1A-4363A4E26B9F}"
EndProject
Project("{2150E333-8FDC-42A3-9474-1A3956D46DE8}") = "Tests", "Tests", "{02EA681E-C7D8-13C7-8484-4AC65E1B71E8}"
EndProject
Project("{FAE04EC0-301F-11D3-BF4B-00C04F79EFBC}") = "FinalYearProject.UI.Components", "FinalYearProject.UI.Components\FinalYearProject.UI.Components.csproj", "{0B4DA8A1-FE77-4A30-95F8-5F294D5BF5E1}"
EndProject
Project("{FAE04EC0-301F-11D3-BF4B-00C04F79EFBC}") = "FinalYearProject.Services", "FinalYearProject.Services\FinalYearProject.Services.csproj", "{5FC8D993-A235-4CA6-B2DE-C8C1F1846E81}"
EndProject
Project("{FAE04EC0-301F-11D3-BF4B-00C04F79EFBC}") = "FinalYearProject.Audio", "FinalYearProject.Audio\FinalYearProject.Audio.csproj", "{105806D0-AB21-4F4A-828B-318C12AABE07}"
EndProject
Project("{FAE04EC0-301F-11D3-BF4B-00C04F79EFBC}") = "FinalYearProject.Audio.Tests", "FinalYearProject.Audio.Tests\FinalYearProject.Audio.Tests.csproj", "{A8CE1875-F8C7-4A0A-9865-B02AAE358DCD}"
EndProject
Project("{FAE04EC0-301F-11D3-BF4B-00C04F79EFBC}") = "FinalYearProject.Audio.Integration.Tests", "FinalYearProject.Audio.Integration.Tests\FinalYearProject.Audio.Integration.Tests.csproj", "{8327A789-4889-4089-BEF1-A5DB3D675BFB}"
EndProject
Project("{FAE04EC0-301F-11D3-BF4B-00C04F79EFBC}") = "FinalYearProject.Accuracy.Analysis", "FinalYearProject.AccuracyAnalysis\FinalYearProject.Accuracy.Analysis.csproj", "{E4C1EC50-B4B5-497F-A3DB-1F20F12316F6}"
EndProject
Project("{FAE04EC0-301F-11D3-BF4B-00C04F79EFBC}") = "FinalYearProject.Accuracy.Analysis.Tests", "FinalYearProject.Accuracy.Analysis.Tests\FinalYearProject.Accuracy.Analysis.Tests.csproj", "{22D91138-C288-4A1C-84E1-14ADC7FD1A5C}"
EndProject
Project("{FAE04EC0-301F-11D3-BF4B-00C04F79EFBC}") = "FinalYearProject.Accuracy.Analysis.Integration.Tests", "FinalYearProject.Accuracy.Analysis.Integration.Tests\FinalYearProject.Accuracy.Analysis.Integration.Tests.csproj", "{1CCD6C00-34ED-4F0E-A3EA-AB49BFEDA2FE}"
EndProject
Global
	GlobalSection(SolutionConfigurationPlatforms) = preSolution
		Debug|Any CPU = Debug|Any CPU
		Release|Any CPU = Release|Any CPU
	EndGlobalSection
	GlobalSection(ProjectConfigurationPlatforms) = postSolution
		{84DF0E83-33D0-4499-A840-6522DD39F189}.Debug|Any CPU.ActiveCfg = Debug|Any CPU
		{84DF0E83-33D0-4499-A840-6522DD39F189}.Debug|Any CPU.Build.0 = Debug|Any CPU
		{84DF0E83-33D0-4499-A840-6522DD39F189}.Debug|Any CPU.Deploy.0 = Debug|Any CPU
		{84DF0E83-33D0-4499-A840-6522DD39F189}.Release|Any CPU.ActiveCfg = Release|Any CPU
		{84DF0E83-33D0-4499-A840-6522DD39F189}.Release|Any CPU.Build.0 = Release|Any CPU
		{909DDDA8-42D9-4A19-BD1A-4363A4E26B9F}.Debug|Any CPU.ActiveCfg = Debug|Any CPU
		{909DDDA8-42D9-4A19-BD1A-4363A4E26B9F}.Debug|Any CPU.Build.0 = Debug|Any CPU
		{909DDDA8-42D9-4A19-BD1A-4363A4E26B9F}.Release|Any CPU.ActiveCfg = Release|Any CPU
		{909DDDA8-42D9-4A19-BD1A-4363A4E26B9F}.Release|Any CPU.Build.0 = Release|Any CPU
		{0B4DA8A1-FE77-4A30-95F8-5F294D5BF5E1}.Debug|Any CPU.ActiveCfg = Debug|Any CPU
		{0B4DA8A1-FE77-4A30-95F8-5F294D5BF5E1}.Debug|Any CPU.Build.0 = Debug|Any CPU
		{0B4DA8A1-FE77-4A30-95F8-5F294D5BF5E1}.Release|Any CPU.ActiveCfg = Release|Any CPU
		{0B4DA8A1-FE77-4A30-95F8-5F294D5BF5E1}.Release|Any CPU.Build.0 = Release|Any CPU
		{5FC8D993-A235-4CA6-B2DE-C8C1F1846E81}.Debug|Any CPU.ActiveCfg = Debug|Any CPU
		{5FC8D993-A235-4CA6-B2DE-C8C1F1846E81}.Debug|Any CPU.Build.0 = Debug|Any CPU
		{5FC8D993-A235-4CA6-B2DE-C8C1F1846E81}.Release|Any CPU.ActiveCfg = Release|Any CPU
		{5FC8D993-A235-4CA6-B2DE-C8C1F1846E81}.Release|Any CPU.Build.0 = Release|Any CPU
		{105806D0-AB21-4F4A-828B-318C12AABE07}.Debug|Any CPU.ActiveCfg = Debug|Any CPU
		{105806D0-AB21-4F4A-828B-318C12AABE07}.Debug|Any CPU.Build.0 = Debug|Any CPU
		{105806D0-AB21-4F4A-828B-318C12AABE07}.Release|Any CPU.ActiveCfg = Release|Any CPU
		{105806D0-AB21-4F4A-828B-318C12AABE07}.Release|Any CPU.Build.0 = Release|Any CPU
		{A8CE1875-F8C7-4A0A-9865-B02AAE358DCD}.Debug|Any CPU.ActiveCfg = Debug|Any CPU
		{A8CE1875-F8C7-4A0A-9865-B02AAE358DCD}.Debug|Any CPU.Build.0 = Debug|Any CPU
		{A8CE1875-F8C7-4A0A-9865-B02AAE358DCD}.Release|Any CPU.ActiveCfg = Release|Any CPU
		{A8CE1875-F8C7-4A0A-9865-B02AAE358DCD}.Release|Any CPU.Build.0 = Release|Any CPU
		{8327A789-4889-4089-BEF1-A5DB3D675BFB}.Debug|Any CPU.ActiveCfg = Debug|Any CPU
		{8327A789-4889-4089-BEF1-A5DB3D675BFB}.Debug|Any CPU.Build.0 = Debug|Any CPU
		{8327A789-4889-4089-BEF1-A5DB3D675BFB}.Release|Any CPU.ActiveCfg = Release|Any CPU
		{8327A789-4889-4089-BEF1-A5DB3D675BFB}.Release|Any CPU.Build.0 = Release|Any CPU
		{E4C1EC50-B4B5-497F-A3DB-1F20F12316F6}.Debug|Any CPU.ActiveCfg = Debug|Any CPU
		{E4C1EC50-B4B5-497F-A3DB-1F20F12316F6}.Debug|Any CPU.Build.0 = Debug|Any CPU
		{E4C1EC50-B4B5-497F-A3DB-1F20F12316F6}.Release|Any CPU.ActiveCfg = Release|Any CPU
		{E4C1EC50-B4B5-497F-A3DB-1F20F12316F6}.Release|Any CPU.Build.0 = Release|Any CPU
		{22D91138-C288-4A1C-84E1-14ADC7FD1A5C}.Debug|Any CPU.ActiveCfg = Debug|Any CPU
		{22D91138-C288-4A1C-84E1-14ADC7FD1A5C}.Debug|Any CPU.Build.0 = Debug|Any CPU
		{22D91138-C288-4A1C-84E1-14ADC7FD1A5C}.Release|Any CPU.ActiveCfg = Release|Any CPU
		{22D91138-C288-4A1C-84E1-14ADC7FD1A5C}.Release|Any CPU.Build.0 = Release|Any CPU
		{1CCD6C00-34ED-4F0E-A3EA-AB49BFEDA2FE}.Debug|Any CPU.ActiveCfg = Debug|Any CPU
		{1CCD6C00-34ED-4F0E-A3EA-AB49BFEDA2FE}.Debug|Any CPU.Build.0 = Debug|Any CPU
		{1CCD6C00-34ED-4F0E-A3EA-AB49BFEDA2FE}.Release|Any CPU.ActiveCfg = Release|Any CPU
		{1CCD6C00-34ED-4F0E-A3EA-AB49BFEDA2FE}.Release|Any CPU.Build.0 = Release|Any CPU
	EndGlobalSection
	GlobalSection(SolutionProperties) = preSolution
		HideSolutionNode = FALSE
	EndGlobalSection
	GlobalSection(NestedProjects) = preSolution
		{A8CE1875-F8C7-4A0A-9865-B02AAE358DCD} = {02EA681E-C7D8-13C7-8484-4AC65E1B71E8}
		{8327A789-4889-4089-BEF1-A5DB3D675BFB} = {02EA681E-C7D8-13C7-8484-4AC65E1B71E8}
		{22D91138-C288-4A1C-84E1-14ADC7FD1A5C} = {02EA681E-C7D8-13C7-8484-4AC65E1B71E8}
		{1CCD6C00-34ED-4F0E-A3EA-AB49BFEDA2FE} = {02EA681E-C7D8-13C7-8484-4AC65E1B71E8}
	EndGlobalSection
	GlobalSection(ExtensibilityGlobals) = postSolution
		SolutionGuid = {10F71CB4-901E-4F5F-BE33-5AB66EC65247}
	EndGlobalSection
EndGlobal
